// !$*UTF8*$!
{
	archiveVersion = 1;
	classes = {
	};
	objectVersion = 52;
	objects = {

/* Begin PBXBuildFile section */
		8B16BFBE253E19C000065EAE /* ArticleListItem.swift in Sources */ = {isa = PBXBuildFile; fileRef = 8B16BFBD253E19C000065EAE /* ArticleListItem.swift */; };
		8B3B05232538AE77007D3373 /* LoginView.swift in Sources */ = {isa = PBXBuildFile; fileRef = 8B3B05222538AE77007D3373 /* LoginView.swift */; };
		8B3DE98625406654003589BC /* NewsReaderApi.swift in Sources */ = {isa = PBXBuildFile; fileRef = 8B3DE98525406654003589BC /* NewsReaderApi.swift */; };
		8B3DE98D25406A1B003589BC /* FakeNewsReaderApi.swift in Sources */ = {isa = PBXBuildFile; fileRef = 8B3DE98C25406A1B003589BC /* FakeNewsReaderApi.swift */; };
		8B899E9F2542F81900D5179D /* ApiError.swift in Sources */ = {isa = PBXBuildFile; fileRef = 8B899E9E2542F81900D5179D /* ApiError.swift */; };
		8B97E0ED2537370700372698 /* NewsReaderApp.swift in Sources */ = {isa = PBXBuildFile; fileRef = 8B97E0EC2537370700372698 /* NewsReaderApp.swift */; };
		8B97E0EF2537370700372698 /* ArticleOverviewView.swift in Sources */ = {isa = PBXBuildFile; fileRef = 8B97E0EE2537370700372698 /* ArticleOverviewView.swift */; };
		8B97E0F12537370800372698 /* Assets.xcassets in Resources */ = {isa = PBXBuildFile; fileRef = 8B97E0F02537370800372698 /* Assets.xcassets */; };
		8B97E0F42537370800372698 /* Preview Assets.xcassets in Resources */ = {isa = PBXBuildFile; fileRef = 8B97E0F32537370800372698 /* Preview Assets.xcassets */; };
		8B97E0FD2537399300372698 /* NewsReaderApiImpl.swift in Sources */ = {isa = PBXBuildFile; fileRef = 8B97E0FC2537399300372698 /* NewsReaderApiImpl.swift */; };
		8B97E10225373A1C00372698 /* KeychainAccess in Frameworks */ = {isa = PBXBuildFile; productRef = 8B97E10125373A1C00372698 /* KeychainAccess */; };
		8B97E10525373D4A00372698 /* UserCredentials.swift in Sources */ = {isa = PBXBuildFile; fileRef = 8B97E10425373D4A00372698 /* UserCredentials.swift */; };
		8B97E10825373FDB00372698 /* LoginResponse.swift in Sources */ = {isa = PBXBuildFile; fileRef = 8B97E10725373FDB00372698 /* LoginResponse.swift */; };
		8B97E10C2537409600372698 /* RequestError.swift in Sources */ = {isa = PBXBuildFile; fileRef = 8B97E10B2537409600372698 /* RequestError.swift */; };
		8BD879A4253C674500CE644D /* ApiRequestHandler.swift in Sources */ = {isa = PBXBuildFile; fileRef = 8BD879A3253C674500CE644D /* ApiRequestHandler.swift */; };
		8BE38A14253C75F6007ECCA3 /* RegistrationResponse.swift in Sources */ = {isa = PBXBuildFile; fileRef = 8BE38A13253C75F6007ECCA3 /* RegistrationResponse.swift */; };
		8BE38A17253C76C2007ECCA3 /* ArticleBatch.swift in Sources */ = {isa = PBXBuildFile; fileRef = 8BE38A16253C76C2007ECCA3 /* ArticleBatch.swift */; };
		8BE38A1B253C7724007ECCA3 /* Article.swift in Sources */ = {isa = PBXBuildFile; fileRef = 8BE38A1A253C7724007ECCA3 /* Article.swift */; };
		8BE38A1E253C78A9007ECCA3 /* Feed.swift in Sources */ = {isa = PBXBuildFile; fileRef = 8BE38A1D253C78A9007ECCA3 /* Feed.swift */; };
		8BEA7620253CB7FC0009C922 /* LoadingStatus.swift in Sources */ = {isa = PBXBuildFile; fileRef = 8BEA761F253CB7FC0009C922 /* LoadingStatus.swift */; };
/* End PBXBuildFile section */

/* Begin PBXFileReference section */
		8B16BFBD253E19C000065EAE /* ArticleListItem.swift */ = {isa = PBXFileReference; lastKnownFileType = sourcecode.swift; path = ArticleListItem.swift; sourceTree = "<group>"; };
		8B3B05222538AE77007D3373 /* LoginView.swift */ = {isa = PBXFileReference; lastKnownFileType = sourcecode.swift; path = LoginView.swift; sourceTree = "<group>"; };
		8B3DE98525406654003589BC /* NewsReaderApi.swift */ = {isa = PBXFileReference; lastKnownFileType = sourcecode.swift; path = NewsReaderApi.swift; sourceTree = "<group>"; };
		8B3DE98C25406A1B003589BC /* FakeNewsReaderApi.swift */ = {isa = PBXFileReference; lastKnownFileType = sourcecode.swift; path = FakeNewsReaderApi.swift; sourceTree = "<group>"; };
		8B899E9E2542F81900D5179D /* ApiError.swift */ = {isa = PBXFileReference; lastKnownFileType = sourcecode.swift; path = ApiError.swift; sourceTree = "<group>"; };
		8B97E0E92537370700372698 /* News Reader.app */ = {isa = PBXFileReference; explicitFileType = wrapper.application; includeInIndex = 0; path = "News Reader.app"; sourceTree = BUILT_PRODUCTS_DIR; };
		8B97E0EC2537370700372698 /* NewsReaderApp.swift */ = {isa = PBXFileReference; lastKnownFileType = sourcecode.swift; path = NewsReaderApp.swift; sourceTree = "<group>"; };
		8B97E0EE2537370700372698 /* ArticleOverviewView.swift */ = {isa = PBXFileReference; lastKnownFileType = sourcecode.swift; path = ArticleOverviewView.swift; sourceTree = "<group>"; };
		8B97E0F02537370800372698 /* Assets.xcassets */ = {isa = PBXFileReference; lastKnownFileType = folder.assetcatalog; path = Assets.xcassets; sourceTree = "<group>"; };
		8B97E0F32537370800372698 /* Preview Assets.xcassets */ = {isa = PBXFileReference; lastKnownFileType = folder.assetcatalog; path = "Preview Assets.xcassets"; sourceTree = "<group>"; };
		8B97E0F52537370800372698 /* Info.plist */ = {isa = PBXFileReference; lastKnownFileType = text.plist.xml; path = Info.plist; sourceTree = "<group>"; };
		8B97E0FC2537399300372698 /* NewsReaderApiImpl.swift */ = {isa = PBXFileReference; lastKnownFileType = sourcecode.swift; path = NewsReaderApiImpl.swift; sourceTree = "<group>"; };
		8B97E10425373D4A00372698 /* UserCredentials.swift */ = {isa = PBXFileReference; lastKnownFileType = sourcecode.swift; path = UserCredentials.swift; sourceTree = "<group>"; };
		8B97E10725373FDB00372698 /* LoginResponse.swift */ = {isa = PBXFileReference; lastKnownFileType = sourcecode.swift; path = LoginResponse.swift; sourceTree = "<group>"; };
		8B97E10B2537409600372698 /* RequestError.swift */ = {isa = PBXFileReference; lastKnownFileType = sourcecode.swift; path = RequestError.swift; sourceTree = "<group>"; };
		8BD879A3253C674500CE644D /* ApiRequestHandler.swift */ = {isa = PBXFileReference; lastKnownFileType = sourcecode.swift; path = ApiRequestHandler.swift; sourceTree = "<group>"; };
		8BE38A13253C75F6007ECCA3 /* RegistrationResponse.swift */ = {isa = PBXFileReference; lastKnownFileType = sourcecode.swift; path = RegistrationResponse.swift; sourceTree = "<group>"; };
		8BE38A16253C76C2007ECCA3 /* ArticleBatch.swift */ = {isa = PBXFileReference; lastKnownFileType = sourcecode.swift; path = ArticleBatch.swift; sourceTree = "<group>"; };
		8BE38A1A253C7724007ECCA3 /* Article.swift */ = {isa = PBXFileReference; lastKnownFileType = sourcecode.swift; path = Article.swift; sourceTree = "<group>"; };
		8BE38A1D253C78A9007ECCA3 /* Feed.swift */ = {isa = PBXFileReference; lastKnownFileType = sourcecode.swift; path = Feed.swift; sourceTree = "<group>"; };
		8BEA761F253CB7FC0009C922 /* LoadingStatus.swift */ = {isa = PBXFileReference; lastKnownFileType = sourcecode.swift; path = LoadingStatus.swift; sourceTree = "<group>"; };
/* End PBXFileReference section */

/* Begin PBXFrameworksBuildPhase section */
		8B97E0E62537370700372698 /* Frameworks */ = {
			isa = PBXFrameworksBuildPhase;
			buildActionMask = 2147483647;
			files = (
				8B97E10225373A1C00372698 /* KeychainAccess in Frameworks */,
			);
			runOnlyForDeploymentPostprocessing = 0;
		};
/* End PBXFrameworksBuildPhase section */

/* Begin PBXGroup section */
		8B3DE9822540661B003589BC /* Domain */ = {
			isa = PBXGroup;
			children = (
				8B3DE98425406631003589BC /* Services */,
				8B3DE9832540662A003589BC /* Models */,
			);
			path = Domain;
			sourceTree = "<group>";
		};
		8B3DE9832540662A003589BC /* Models */ = {
			isa = PBXGroup;
			children = (
				8B97E10725373FDB00372698 /* LoginResponse.swift */,
				8B97E10425373D4A00372698 /* UserCredentials.swift */,
				8BE38A13253C75F6007ECCA3 /* RegistrationResponse.swift */,
				8BE38A16253C76C2007ECCA3 /* ArticleBatch.swift */,
				8BE38A1A253C7724007ECCA3 /* Article.swift */,
				8BE38A1D253C78A9007ECCA3 /* Feed.swift */,
			);
			path = Models;
			sourceTree = "<group>";
		};
		8B3DE98425406631003589BC /* Services */ = {
			isa = PBXGroup;
			children = (
				8B3DE98525406654003589BC /* NewsReaderApi.swift */,
			);
			path = Services;
			sourceTree = "<group>";
		};
		8B3DE98925406985003589BC /* UI */ = {
			isa = PBXGroup;
			children = (
				8B3DE98A2540698E003589BC /* Views */,
			);
			path = UI;
			sourceTree = "<group>";
		};
		8B3DE98A2540698E003589BC /* Views */ = {
			isa = PBXGroup;
			children = (
				8B97E0EE2537370700372698 /* ArticleOverviewView.swift */,
				8B3B05222538AE77007D3373 /* LoginView.swift */,
				8B16BFBD253E19C000065EAE /* ArticleListItem.swift */,
			);
			path = Views;
			sourceTree = "<group>";
		};
		8B3DE98B254069EF003589BC /* API */ = {
			isa = PBXGroup;
			children = (
				8B42E048254312F800DC8E2D /* Utils */,
				8B97E10B2537409600372698 /* RequestError.swift */,
				8B97E0FC2537399300372698 /* NewsReaderApiImpl.swift */,
				8B3DE98C25406A1B003589BC /* FakeNewsReaderApi.swift */,
				8B899E9E2542F81900D5179D /* ApiError.swift */,
			);
			path = API;
			sourceTree = "<group>";
		};
		8B42E048254312F800DC8E2D /* Utils */ = {
			isa = PBXGroup;
			children = (
				8BD879A3253C674500CE644D /* ApiRequestHandler.swift */,
			);
			path = Utils;
			sourceTree = "<group>";
		};
		8B97E0E02537370700372698 = {
			isa = PBXGroup;
			children = (
				8B97E0EB2537370700372698 /* News Reader */,
				8B97E0EA2537370700372698 /* Products */,
			);
			sourceTree = "<group>";
		};
		8B97E0EA2537370700372698 /* Products */ = {
			isa = PBXGroup;
			children = (
				8B97E0E92537370700372698 /* News Reader.app */,
			);
			name = Products;
			sourceTree = "<group>";
		};
		8B97E0EB2537370700372698 /* News Reader */ = {
			isa = PBXGroup;
			children = (
				8B3DE98B254069EF003589BC /* API */,
				8B3DE98925406985003589BC /* UI */,
				8B3DE9822540661B003589BC /* Domain */,
				8B97E0EC2537370700372698 /* NewsReaderApp.swift */,
				8B97E0F02537370800372698 /* Assets.xcassets */,
				8B97E0F52537370800372698 /* Info.plist */,
				8B97E0F22537370800372698 /* Preview Content */,
				8BEA761F253CB7FC0009C922 /* LoadingStatus.swift */,
			);
			path = "News Reader";
			sourceTree = "<group>";
		};
		8B97E0F22537370800372698 /* Preview Content */ = {
			isa = PBXGroup;
			children = (
				8B97E0F32537370800372698 /* Preview Assets.xcassets */,
			);
			path = "Preview Content";
			sourceTree = "<group>";
		};
/* End PBXGroup section */

/* Begin PBXNativeTarget section */
		8B97E0E82537370700372698 /* News Reader */ = {
			isa = PBXNativeTarget;
			buildConfigurationList = 8B97E0F82537370800372698 /* Build configuration list for PBXNativeTarget "News Reader" */;
			buildPhases = (
				8B97E0E52537370700372698 /* Sources */,
				8B97E0E62537370700372698 /* Frameworks */,
				8B97E0E72537370700372698 /* Resources */,
			);
			buildRules = (
			);
			dependencies = (
			);
			name = "News Reader";
			packageProductDependencies = (
				8B97E10125373A1C00372698 /* KeychainAccess */,
			);
			productName = "News Reader";
			productReference = 8B97E0E92537370700372698 /* News Reader.app */;
			productType = "com.apple.product-type.application";
		};
/* End PBXNativeTarget section */

/* Begin PBXProject section */
		8B97E0E12537370700372698 /* Project object */ = {
			isa = PBXProject;
			attributes = {
				LastSwiftUpdateCheck = 1200;
				LastUpgradeCheck = 1200;
				TargetAttributes = {
					8B97E0E82537370700372698 = {
						CreatedOnToolsVersion = 12.0.1;
					};
				};
			};
			buildConfigurationList = 8B97E0E42537370700372698 /* Build configuration list for PBXProject "News Reader" */;
			compatibilityVersion = "Xcode 9.3";
			developmentRegion = en;
			hasScannedForEncodings = 0;
			knownRegions = (
				en,
				Base,
			);
			mainGroup = 8B97E0E02537370700372698;
			packageReferences = (
				8B97E10025373A1C00372698 /* XCRemoteSwiftPackageReference "KeychainAccess" */,
			);
			productRefGroup = 8B97E0EA2537370700372698 /* Products */;
			projectDirPath = "";
			projectRoot = "";
			targets = (
				8B97E0E82537370700372698 /* News Reader */,
			);
		};
/* End PBXProject section */

/* Begin PBXResourcesBuildPhase section */
		8B97E0E72537370700372698 /* Resources */ = {
			isa = PBXResourcesBuildPhase;
			buildActionMask = 2147483647;
			files = (
				8B97E0F42537370800372698 /* Preview Assets.xcassets in Resources */,
				8B97E0F12537370800372698 /* Assets.xcassets in Resources */,
			);
			runOnlyForDeploymentPostprocessing = 0;
		};
/* End PBXResourcesBuildPhase section */

/* Begin PBXSourcesBuildPhase section */
		8B97E0E52537370700372698 /* Sources */ = {
			isa = PBXSourcesBuildPhase;
			buildActionMask = 2147483647;
			files = (
				8BE38A1B253C7724007ECCA3 /* Article.swift in Sources */,
				8B899E9F2542F81900D5179D /* ApiError.swift in Sources */,
				8BE38A1E253C78A9007ECCA3 /* Feed.swift in Sources */,
				8B97E0FD2537399300372698 /* NewsReaderApiImpl.swift in Sources */,
				8B3DE98D25406A1B003589BC /* FakeNewsReaderApi.swift in Sources */,
				8BEA7620253CB7FC0009C922 /* LoadingStatus.swift in Sources */,
				8B3B05232538AE77007D3373 /* LoginView.swift in Sources */,
				8B97E0EF2537370700372698 /* ArticleOverviewView.swift in Sources */,
				8BE38A14253C75F6007ECCA3 /* RegistrationResponse.swift in Sources */,
				8BD879A4253C674500CE644D /* ApiRequestHandler.swift in Sources */,
				8BE38A17253C76C2007ECCA3 /* ArticleBatch.swift in Sources */,
				8B16BFBE253E19C000065EAE /* ArticleListItem.swift in Sources */,
				8B97E10C2537409600372698 /* RequestError.swift in Sources */,
				8B97E0ED2537370700372698 /* NewsReaderApp.swift in Sources */,
				8B97E10525373D4A00372698 /* UserCredentials.swift in Sources */,
				8B3DE98625406654003589BC /* NewsReaderApi.swift in Sources */,
				8B97E10825373FDB00372698 /* LoginResponse.swift in Sources */,
			);
			runOnlyForDeploymentPostprocessing = 0;
		};
/* End PBXSourcesBuildPhase section */

/* Begin XCBuildConfiguration section */
		8B97E0F62537370800372698 /* Debug */ = {
			isa = XCBuildConfiguration;
			buildSettings = {
				ALWAYS_SEARCH_USER_PATHS = NO;
				CLANG_ANALYZER_NONNULL = YES;
				CLANG_ANALYZER_NUMBER_OBJECT_CONVERSION = YES_AGGRESSIVE;
				CLANG_CXX_LANGUAGE_STANDARD = "gnu++14";
				CLANG_CXX_LIBRARY = "libc++";
				CLANG_ENABLE_MODULES = YES;
				CLANG_ENABLE_OBJC_ARC = YES;
				CLANG_ENABLE_OBJC_WEAK = YES;
				CLANG_WARN_BLOCK_CAPTURE_AUTORELEASING = YES;
				CLANG_WARN_BOOL_CONVERSION = YES;
				CLANG_WARN_COMMA = YES;
				CLANG_WARN_CONSTANT_CONVERSION = YES;
				CLANG_WARN_DEPRECATED_OBJC_IMPLEMENTATIONS = YES;
				CLANG_WARN_DIRECT_OBJC_ISA_USAGE = YES_ERROR;
				CLANG_WARN_DOCUMENTATION_COMMENTS = YES;
				CLANG_WARN_EMPTY_BODY = YES;
				CLANG_WARN_ENUM_CONVERSION = YES;
				CLANG_WARN_INFINITE_RECURSION = YES;
				CLANG_WARN_INT_CONVERSION = YES;
				CLANG_WARN_NON_LITERAL_NULL_CONVERSION = YES;
				CLANG_WARN_OBJC_IMPLICIT_RETAIN_SELF = YES;
				CLANG_WARN_OBJC_LITERAL_CONVERSION = YES;
				CLANG_WARN_OBJC_ROOT_CLASS = YES_ERROR;
				CLANG_WARN_QUOTED_INCLUDE_IN_FRAMEWORK_HEADER = YES;
				CLANG_WARN_RANGE_LOOP_ANALYSIS = YES;
				CLANG_WARN_STRICT_PROTOTYPES = YES;
				CLANG_WARN_SUSPICIOUS_MOVE = YES;
				CLANG_WARN_UNGUARDED_AVAILABILITY = YES_AGGRESSIVE;
				CLANG_WARN_UNREACHABLE_CODE = YES;
				CLANG_WARN__DUPLICATE_METHOD_MATCH = YES;
				COPY_PHASE_STRIP = NO;
				DEBUG_INFORMATION_FORMAT = dwarf;
				ENABLE_STRICT_OBJC_MSGSEND = YES;
				ENABLE_TESTABILITY = YES;
				GCC_C_LANGUAGE_STANDARD = gnu11;
				GCC_DYNAMIC_NO_PIC = NO;
				GCC_NO_COMMON_BLOCKS = YES;
				GCC_OPTIMIZATION_LEVEL = 0;
				GCC_PREPROCESSOR_DEFINITIONS = (
					"DEBUG=1",
					"$(inherited)",
				);
				GCC_WARN_64_TO_32_BIT_CONVERSION = YES;
				GCC_WARN_ABOUT_RETURN_TYPE = YES_ERROR;
				GCC_WARN_UNDECLARED_SELECTOR = YES;
				GCC_WARN_UNINITIALIZED_AUTOS = YES_AGGRESSIVE;
				GCC_WARN_UNUSED_FUNCTION = YES;
				GCC_WARN_UNUSED_VARIABLE = YES;
				IPHONEOS_DEPLOYMENT_TARGET = 14.0;
				MTL_ENABLE_DEBUG_INFO = INCLUDE_SOURCE;
				MTL_FAST_MATH = YES;
				ONLY_ACTIVE_ARCH = YES;
				SDKROOT = iphoneos;
				SWIFT_ACTIVE_COMPILATION_CONDITIONS = DEBUG;
				SWIFT_OPTIMIZATION_LEVEL = "-Onone";
			};
			name = Debug;
		};
		8B97E0F72537370800372698 /* Release */ = {
			isa = XCBuildConfiguration;
			buildSettings = {
				ALWAYS_SEARCH_USER_PATHS = NO;
				CLANG_ANALYZER_NONNULL = YES;
				CLANG_ANALYZER_NUMBER_OBJECT_CONVERSION = YES_AGGRESSIVE;
				CLANG_CXX_LANGUAGE_STANDARD = "gnu++14";
				CLANG_CXX_LIBRARY = "libc++";
				CLANG_ENABLE_MODULES = YES;
				CLANG_ENABLE_OBJC_ARC = YES;
				CLANG_ENABLE_OBJC_WEAK = YES;
				CLANG_WARN_BLOCK_CAPTURE_AUTORELEASING = YES;
				CLANG_WARN_BOOL_CONVERSION = YES;
				CLANG_WARN_COMMA = YES;
				CLANG_WARN_CONSTANT_CONVERSION = YES;
				CLANG_WARN_DEPRECATED_OBJC_IMPLEMENTATIONS = YES;
				CLANG_WARN_DIRECT_OBJC_ISA_USAGE = YES_ERROR;
				CLANG_WARN_DOCUMENTATION_COMMENTS = YES;
				CLANG_WARN_EMPTY_BODY = YES;
				CLANG_WARN_ENUM_CONVERSION = YES;
				CLANG_WARN_INFINITE_RECURSION = YES;
				CLANG_WARN_INT_CONVERSION = YES;
				CLANG_WARN_NON_LITERAL_NULL_CONVERSION = YES;
				CLANG_WARN_OBJC_IMPLICIT_RETAIN_SELF = YES;
				CLANG_WARN_OBJC_LITERAL_CONVERSION = YES;
				CLANG_WARN_OBJC_ROOT_CLASS = YES_ERROR;
				CLANG_WARN_QUOTED_INCLUDE_IN_FRAMEWORK_HEADER = YES;
				CLANG_WARN_RANGE_LOOP_ANALYSIS = YES;
				CLANG_WARN_STRICT_PROTOTYPES = YES;
				CLANG_WARN_SUSPICIOUS_MOVE = YES;
				CLANG_WARN_UNGUARDED_AVAILABILITY = YES_AGGRESSIVE;
				CLANG_WARN_UNREACHABLE_CODE = YES;
				CLANG_WARN__DUPLICATE_METHOD_MATCH = YES;
				COPY_PHASE_STRIP = NO;
				DEBUG_INFORMATION_FORMAT = "dwarf-with-dsym";
				ENABLE_NS_ASSERTIONS = NO;
				ENABLE_STRICT_OBJC_MSGSEND = YES;
				GCC_C_LANGUAGE_STANDARD = gnu11;
				GCC_NO_COMMON_BLOCKS = YES;
				GCC_WARN_64_TO_32_BIT_CONVERSION = YES;
				GCC_WARN_ABOUT_RETURN_TYPE = YES_ERROR;
				GCC_WARN_UNDECLARED_SELECTOR = YES;
				GCC_WARN_UNINITIALIZED_AUTOS = YES_AGGRESSIVE;
				GCC_WARN_UNUSED_FUNCTION = YES;
				GCC_WARN_UNUSED_VARIABLE = YES;
				IPHONEOS_DEPLOYMENT_TARGET = 14.0;
				MTL_ENABLE_DEBUG_INFO = NO;
				MTL_FAST_MATH = YES;
				SDKROOT = iphoneos;
				SWIFT_COMPILATION_MODE = wholemodule;
				SWIFT_OPTIMIZATION_LEVEL = "-O";
				VALIDATE_PRODUCT = YES;
			};
			name = Release;
		};
		8B97E0F92537370800372698 /* Debug */ = {
			isa = XCBuildConfiguration;
			buildSettings = {
				ASSETCATALOG_COMPILER_APPICON_NAME = AppIcon;
				ASSETCATALOG_COMPILER_GLOBAL_ACCENT_COLOR_NAME = AccentColor;
				CODE_SIGN_STYLE = Automatic;
				DEVELOPMENT_ASSET_PATHS = "\"News Reader/Preview Content\"";
				ENABLE_PREVIEWS = YES;
				INFOPLIST_FILE = "News Reader/Info.plist";
				IPHONEOS_DEPLOYMENT_TARGET = 14.0;
				LD_RUNPATH_SEARCH_PATHS = (
					"$(inherited)",
					"@executable_path/Frameworks",
				);
				PRODUCT_BUNDLE_IDENTIFIER = "nl.bouwman.marc.News-Reader";
				PRODUCT_NAME = "$(TARGET_NAME)";
				SWIFT_VERSION = 5.0;
				TARGETED_DEVICE_FAMILY = "1,2";
			};
			name = Debug;
		};
		8B97E0FA2537370800372698 /* Release */ = {
			isa = XCBuildConfiguration;
			buildSettings = {
				ASSETCATALOG_COMPILER_APPICON_NAME = AppIcon;
				ASSETCATALOG_COMPILER_GLOBAL_ACCENT_COLOR_NAME = AccentColor;
				CODE_SIGN_STYLE = Automatic;
				DEVELOPMENT_ASSET_PATHS = "\"News Reader/Preview Content\"";
				ENABLE_PREVIEWS = YES;
				INFOPLIST_FILE = "News Reader/Info.plist";
				IPHONEOS_DEPLOYMENT_TARGET = 14.0;
				LD_RUNPATH_SEARCH_PATHS = (
					"$(inherited)",
					"@executable_path/Frameworks",
				);
				PRODUCT_BUNDLE_IDENTIFIER = "nl.bouwman.marc.News-Reader";
				PRODUCT_NAME = "$(TARGET_NAME)";
				SWIFT_VERSION = 5.0;
				TARGETED_DEVICE_FAMILY = "1,2";
			};
			name = Release;
		};
/* End XCBuildConfiguration section */

/* Begin XCConfigurationList section */
		8B97E0E42537370700372698 /* Build configuration list for PBXProject "News Reader" */ = {
			isa = XCConfigurationList;
			buildConfigurations = (
				8B97E0F62537370800372698 /* Debug */,
				8B97E0F72537370800372698 /* Release */,
			);
			defaultConfigurationIsVisible = 0;
			defaultConfigurationName = Release;
		};
		8B97E0F82537370800372698 /* Build configuration list for PBXNativeTarget "News Reader" */ = {
			isa = XCConfigurationList;
			buildConfigurations = (
				8B97E0F92537370800372698 /* Debug */,
				8B97E0FA2537370800372698 /* Release */,
			);
			defaultConfigurationIsVisible = 0;
			defaultConfigurationName = Release;
		};
/* End XCConfigurationList section */

/* Begin XCRemoteSwiftPackageReference section */
		8B97E10025373A1C00372698 /* XCRemoteSwiftPackageReference "KeychainAccess" */ = {
			isa = XCRemoteSwiftPackageReference;
			repositoryURL = "https://github.com/kishikawakatsumi/KeychainAccess";
			requirement = {
				kind = upToNextMajorVersion;
				minimumVersion = 4.2.1;
			};
		};
/* End XCRemoteSwiftPackageReference section */

/* Begin XCSwiftPackageProductDependency section */
		8B97E10125373A1C00372698 /* KeychainAccess */ = {
			isa = XCSwiftPackageProductDependency;
			package = 8B97E10025373A1C00372698 /* XCRemoteSwiftPackageReference "KeychainAccess" */;
			productName = KeychainAccess;
		};
/* End XCSwiftPackageProductDependency section */
	};
	rootObject = 8B97E0E12537370700372698 /* Project object */;
}
